
Microsoft Visual Studio Solution File, Format Version 12.00
# Visual Studio Version 17
VisualStudioVersion = 17.0.32112.339
MinimumVisualStudioVersion = 10.0.40219.1
Project("{FAE04EC0-301F-11D3-BF4B-00C04F79EFBC}") = "MHRiseModManager", "MHRiseModManager\MHRiseModManager.csproj", "{968DD79A-B147-48D2-8657-E1C956EA14F7}"
EndProject
Global
	GlobalSection(SolutionConfigurationPlatforms) = preSolution
		Debug|Any CPU = Debug|Any CPU
		Release|Any CPU = Release|Any CPU
	EndGlobalSection
	GlobalSection(ProjectConfigurationPlatforms) = postSolution
		{968DD79A-B147-48D2-8657-E1C956EA14F7}.Debug|Any CPU.ActiveCfg = Debug|Any CPU
		{968DD79A-B147-48D2-8657-E1C956EA14F7}.Debug|Any CPU.Build.0 = Debug|Any CPU
		{968DD79A-B147-48D2-8657-E1C956EA14F7}.Release|Any CPU.ActiveCfg = Release|Any CPU
		{968DD79A-B147-48D2-8657-E1C956EA14F7}.Release|Any CPU.Build.0 = Release|Any CPU
	EndGlobalSection
	GlobalSection(SolutionProperties) = preSolution
		HideSolutionNode = FALSE
	EndGlobalSection
	GlobalSection(ExtensibilityGlobals) = postSolution
		SolutionGuid = {C1440AF1-8860-4093-91F0-6C7317CB2E6C}
	EndGlobalSection
EndGlobal
